
Microsoft Visual Studio Solution File, Format Version 12.00
Project("{FAE04EC0-301F-11D3-BF4B-00C04F79EFBC}") = "SharpLibTorrent", "SharpLibTorrent\SharpLibTorrent.csproj", "{B6ADC775-AB3E-4C5E-94A6-5019531637F0}"
EndProject
Global
	GlobalSection(SolutionConfigurationPlatforms) = preSolution
		Debug|Any CPU = Debug|Any CPU
		Release|Any CPU = Release|Any CPU
	EndGlobalSection
	GlobalSection(ProjectConfigurationPlatforms) = postSolution
		{B6ADC775-AB3E-4C5E-94A6-5019531637F0}.Debug|Any CPU.ActiveCfg = Debug|Any CPU
		{B6ADC775-AB3E-4C5E-94A6-5019531637F0}.Debug|Any CPU.Build.0 = Debug|Any CPU
		{B6ADC775-AB3E-4C5E-94A6-5019531637F0}.Release|Any CPU.ActiveCfg = Release|Any CPU
		{B6ADC775-AB3E-4C5E-94A6-5019531637F0}.Release|Any CPU.Build.0 = Release|Any CPU
	EndGlobalSection
EndGlobal
